
Microsoft Visual Studio Solution File, Format Version 12.00
# Visual Studio 15
VisualStudioVersion = 15.0.27130.2036
MinimumVisualStudioVersion = 10.0.40219.1
Project("{FAE04EC0-301F-11D3-BF4B-00C04F79EFBC}") = "JCropDemo", "JCropDemo\JCropDemo.csproj", "{9B181073-B3DC-4C84-B26E-A0793E39889F}"
EndProject
Global
	GlobalSection(SolutionConfigurationPlatforms) = preSolution
		Debug|Any CPU = Debug|Any CPU
		Release|Any CPU = Release|Any CPU
	EndGlobalSection
	GlobalSection(ProjectConfigurationPlatforms) = postSolution
		{9B181073-B3DC-4C84-B26E-A0793E39889F}.Debug|Any CPU.ActiveCfg = Debug|Any CPU
		{9B181073-B3DC-4C84-B26E-A0793E39889F}.Debug|Any CPU.Build.0 = Debug|Any CPU
		{9B181073-B3DC-4C84-B26E-A0793E39889F}.Release|Any CPU.ActiveCfg = Release|Any CPU
		{9B181073-B3DC-4C84-B26E-A0793E39889F}.Release|Any CPU.Build.0 = Release|Any CPU
	EndGlobalSection
	GlobalSection(SolutionProperties) = preSolution
		HideSolutionNode = FALSE
	EndGlobalSection
	GlobalSection(ExtensibilityGlobals) = postSolution
		SolutionGuid = {46E277C2-1857-4A3D-99AC-DCBBD9F7097D}
	EndGlobalSection
EndGlobal
